
Microsoft Visual Studio Solution File, Format Version 12.00
# Visual Studio 15
VisualStudioVersion = 15.0.26124.0
MinimumVisualStudioVersion = 15.0.26124.0
Project("{FAE04EC0-301F-11D3-BF4B-00C04F79EFBC}") = "AdaptiveHuffman.CLI", "AdaptiveHuffman.CLI\AdaptiveHuffman.CLI.csproj", "{6A4D1CCB-27FE-4091-91EF-6F8BF8FEA61D}"
EndProject
Project("{FAE04EC0-301F-11D3-BF4B-00C04F79EFBC}") = "AdaptiveHuffman.Core", "AdaptiveHuffman.Core\AdaptiveHuffman.Core.csproj", "{FBBEBF0D-6F32-4FF6-8B11-7BFC88D5F28B}"
EndProject
Project("{FAE04EC0-301F-11D3-BF4B-00C04F79EFBC}") = "AdaptiveHuffman.Tests", "AdaptiveHuffman.UnitTests\AdaptiveHuffman.Tests.csproj", "{030B16E0-310B-448D-9DD7-88A2CE2B40D9}"
EndProject
Global
	GlobalSection(SolutionConfigurationPlatforms) = preSolution
		Debug|Any CPU = Debug|Any CPU
		Debug|x64 = Debug|x64
		Debug|x86 = Debug|x86
		Release|Any CPU = Release|Any CPU
		Release|x64 = Release|x64
		Release|x86 = Release|x86
	EndGlobalSection
	GlobalSection(SolutionProperties) = preSolution
		HideSolutionNode = FALSE
	EndGlobalSection
	GlobalSection(ProjectConfigurationPlatforms) = postSolution
		{6A4D1CCB-27FE-4091-91EF-6F8BF8FEA61D}.Debug|Any CPU.ActiveCfg = Debug|Any CPU
		{6A4D1CCB-27FE-4091-91EF-6F8BF8FEA61D}.Debug|Any CPU.Build.0 = Debug|Any CPU
		{6A4D1CCB-27FE-4091-91EF-6F8BF8FEA61D}.Debug|x64.ActiveCfg = Debug|Any CPU
		{6A4D1CCB-27FE-4091-91EF-6F8BF8FEA61D}.Debug|x64.Build.0 = Debug|Any CPU
		{6A4D1CCB-27FE-4091-91EF-6F8BF8FEA61D}.Debug|x86.ActiveCfg = Debug|Any CPU
		{6A4D1CCB-27FE-4091-91EF-6F8BF8FEA61D}.Debug|x86.Build.0 = Debug|Any CPU
		{6A4D1CCB-27FE-4091-91EF-6F8BF8FEA61D}.Release|Any CPU.ActiveCfg = Release|Any CPU
		{6A4D1CCB-27FE-4091-91EF-6F8BF8FEA61D}.Release|Any CPU.Build.0 = Release|Any CPU
		{6A4D1CCB-27FE-4091-91EF-6F8BF8FEA61D}.Release|x64.ActiveCfg = Release|Any CPU
		{6A4D1CCB-27FE-4091-91EF-6F8BF8FEA61D}.Release|x64.Build.0 = Release|Any CPU
		{6A4D1CCB-27FE-4091-91EF-6F8BF8FEA61D}.Release|x86.ActiveCfg = Release|Any CPU
		{6A4D1CCB-27FE-4091-91EF-6F8BF8FEA61D}.Release|x86.Build.0 = Release|Any CPU
		{FBBEBF0D-6F32-4FF6-8B11-7BFC88D5F28B}.Debug|Any CPU.ActiveCfg = Debug|Any CPU
		{FBBEBF0D-6F32-4FF6-8B11-7BFC88D5F28B}.Debug|Any CPU.Build.0 = Debug|Any CPU
		{FBBEBF0D-6F32-4FF6-8B11-7BFC88D5F28B}.Debug|x64.ActiveCfg = Debug|Any CPU
		{FBBEBF0D-6F32-4FF6-8B11-7BFC88D5F28B}.Debug|x64.Build.0 = Debug|Any CPU
		{FBBEBF0D-6F32-4FF6-8B11-7BFC88D5F28B}.Debug|x86.ActiveCfg = Debug|Any CPU
		{FBBEBF0D-6F32-4FF6-8B11-7BFC88D5F28B}.Debug|x86.Build.0 = Debug|Any CPU
		{FBBEBF0D-6F32-4FF6-8B11-7BFC88D5F28B}.Release|Any CPU.ActiveCfg = Release|Any CPU
		{FBBEBF0D-6F32-4FF6-8B11-7BFC88D5F28B}.Release|Any CPU.Build.0 = Release|Any CPU
		{FBBEBF0D-6F32-4FF6-8B11-7BFC88D5F28B}.Release|x64.ActiveCfg = Release|Any CPU
		{FBBEBF0D-6F32-4FF6-8B11-7BFC88D5F28B}.Release|x64.Build.0 = Release|Any CPU
		{FBBEBF0D-6F32-4FF6-8B11-7BFC88D5F28B}.Release|x86.ActiveCfg = Release|Any CPU
		{FBBEBF0D-6F32-4FF6-8B11-7BFC88D5F28B}.Release|x86.Build.0 = Release|Any CPU
		{030B16E0-310B-448D-9DD7-88A2CE2B40D9}.Debug|Any CPU.ActiveCfg = Debug|Any CPU
		{030B16E0-310B-448D-9DD7-88A2CE2B40D9}.Debug|Any CPU.Build.0 = Debug|Any CPU
		{030B16E0-310B-448D-9DD7-88A2CE2B40D9}.Debug|x64.ActiveCfg = Debug|Any CPU
		{030B16E0-310B-448D-9DD7-88A2CE2B40D9}.Debug|x64.Build.0 = Debug|Any CPU
		{030B16E0-310B-448D-9DD7-88A2CE2B40D9}.Debug|x86.ActiveCfg = Debug|Any CPU
		{030B16E0-310B-448D-9DD7-88A2CE2B40D9}.Debug|x86.Build.0 = Debug|Any CPU
		{030B16E0-310B-448D-9DD7-88A2CE2B40D9}.Release|Any CPU.ActiveCfg = Release|Any CPU
		{030B16E0-310B-448D-9DD7-88A2CE2B40D9}.Release|Any CPU.Build.0 = Release|Any CPU
		{030B16E0-310B-448D-9DD7-88A2CE2B40D9}.Release|x64.ActiveCfg = Release|Any CPU
		{030B16E0-310B-448D-9DD7-88A2CE2B40D9}.Release|x64.Build.0 = Release|Any CPU
		{030B16E0-310B-448D-9DD7-88A2CE2B40D9}.Release|x86.ActiveCfg = Release|Any CPU
		{030B16E0-310B-448D-9DD7-88A2CE2B40D9}.Release|x86.Build.0 = Release|Any CPU
	EndGlobalSection
EndGlobal
